
Microsoft Visual Studio Solution File, Format Version 12.00
Project("{FAE04EC0-301F-11D3-BF4B-00C04F79EFBC}") = "Gigmatch.Website.Mvc", "Gigmatch.Website.Mvc\Gigmatch.Website.Mvc.csproj", "{ED523938-E3D2-4657-B1DC-3D745BD8F5F8}"
EndProject
Project("{FAE04EC0-301F-11D3-BF4B-00C04F79EFBC}") = "Gigmatch.Website.Consumer", "Gigmatch.Website.Consumer\Gigmatch.Website.Consumer.csproj", "{C0842F2B-325D-409E-9C0D-AA78B86D7A4D}"
EndProject
Project("{FAE04EC0-301F-11D3-BF4B-00C04F79EFBC}") = "Gigmatch.Website.Model", "Gigmatch.Website.Model\Gigmatch.Website.Model.csproj", "{2C1A56D3-4962-4ADB-86AD-3683A1D51EE9}"
EndProject
Global
	GlobalSection(SolutionConfigurationPlatforms) = preSolution
		Debug|Any CPU = Debug|Any CPU
		Release|Any CPU = Release|Any CPU
	EndGlobalSection
	GlobalSection(ProjectConfigurationPlatforms) = postSolution
		{ED523938-E3D2-4657-B1DC-3D745BD8F5F8}.Debug|Any CPU.ActiveCfg = Debug|Any CPU
		{ED523938-E3D2-4657-B1DC-3D745BD8F5F8}.Debug|Any CPU.Build.0 = Debug|Any CPU
		{ED523938-E3D2-4657-B1DC-3D745BD8F5F8}.Release|Any CPU.ActiveCfg = Release|Any CPU
		{ED523938-E3D2-4657-B1DC-3D745BD8F5F8}.Release|Any CPU.Build.0 = Release|Any CPU
		{C0842F2B-325D-409E-9C0D-AA78B86D7A4D}.Debug|Any CPU.ActiveCfg = Debug|Any CPU
		{C0842F2B-325D-409E-9C0D-AA78B86D7A4D}.Debug|Any CPU.Build.0 = Debug|Any CPU
		{C0842F2B-325D-409E-9C0D-AA78B86D7A4D}.Release|Any CPU.ActiveCfg = Release|Any CPU
		{C0842F2B-325D-409E-9C0D-AA78B86D7A4D}.Release|Any CPU.Build.0 = Release|Any CPU
		{2C1A56D3-4962-4ADB-86AD-3683A1D51EE9}.Debug|Any CPU.ActiveCfg = Debug|Any CPU
		{2C1A56D3-4962-4ADB-86AD-3683A1D51EE9}.Debug|Any CPU.Build.0 = Debug|Any CPU
		{2C1A56D3-4962-4ADB-86AD-3683A1D51EE9}.Release|Any CPU.ActiveCfg = Release|Any CPU
		{2C1A56D3-4962-4ADB-86AD-3683A1D51EE9}.Release|Any CPU.Build.0 = Release|Any CPU
	EndGlobalSection
EndGlobal
